# This file is autogenerated, do not edit; changes may be undone by the next 'dep ensure'.


[[projects]]
  branch = "master"
  name = "github.com/BurntSushi/xgb"
  packages = [
    ".",
    "shape",
    "xinerama",
    "xproto",
    "xtest"
  ]
  revision = "27f122750802c950b2c869a5b63dafcf590ced95"

[[projects]]
  branch = "master"
  name = "github.com/BurntSushi/xgbutil"
  packages = [
    ".",
    "ewmh",
    "icccm",
    "keybind",
    "mousebind",
    "xevent",
    "xprop",
    "xrect",
    "xwindow"
  ]
  revision = "f7c97cef3b4e6c88280a5a7091c3314e815ca243"

[[projects]]
  name = "github.com/StackExchange/wmi"
  packages = ["."]
  revision = "5d049714c4a64225c3c79a7cf7d02f7fb5b96338"
  version = "1.0.0"

[[projects]]
  branch = "master"
  name = "github.com/go-gl/gl"
  packages = ["v2.1/gl"]
  revision = "68e2537930806bfcee1b92a0e14b4e9b8bb3a3e3"

[[projects]]
  branch = "master"
  name = "github.com/go-gl/glfw"
  packages = ["v3.2/glfw"]
  revision = "46a8d530c3268b31eeb1310f30fe42be1cae98f2"

[[projects]]
  name = "github.com/go-ole/go-ole"
  packages = [
    ".",
    "oleutil"
  ]
  revision = "a41e3c4b706f6ae8dfbff342b06e40fa4d2d0506"
  version = "v1.2.1"

[[projects]]
  name = "github.com/go-vgo/robotgo"
  packages = [
    ".",
    "clipboard"
  ]
  revision = "08341cc1aa28c37db4e127f8191209f0a8bafae6"
  version = "0.49.0"

[[projects]]
  branch = "master"
  name = "github.com/gopherjs/gopherjs"
  packages = ["js"]
  revision = "0892b62f0d9fb5857760c3cfca837207185117ee"

[[projects]]
  branch = "master"
  name = "github.com/gopherjs/webgl"
  packages = ["."]
  revision = "39bd6d41eeb587730fcaa65adf71978fb10675bc"

[[projects]]
  name = "github.com/hajimehoshi/ebiten"
  packages = [
    ".",
    "ebitenutil",
    "ebitenutil/internal/assets",
    "internal",
    "internal/affine",
    "internal/clock",
    "internal/devicescale",
    "internal/graphics",
    "internal/graphicsutil",
    "internal/hooks",
    "internal/input",
    "internal/jni",
    "internal/math",
    "internal/opengl",
    "internal/packing",
    "internal/png",
    "internal/restorable",
    "internal/shareable",
    "internal/ui",
    "internal/web"
  ]
  revision = "802f62c410c0fa2e93bcf33a98e2bc855af5c506"
  version = "v1.7.0"

[[projects]]
  branch = "master"
  name = "github.com/mitchellh/go-ps"
  packages = ["."]
  revision = "4fdf99ab29366514c69ccccddab5dc58b8d84062"

[[projects]]
  name = "github.com/pkg/errors"
  packages = ["."]
  revision = "645ef00459ed84a119197bfb8d8205042c6df63d"
  version = "v0.8.0"

[[projects]]
  name = "github.com/shirou/gopsutil"
  packages = [
    "cpu",
    "host",
    "internal/common",
    "mem",
    "net",
    "process"
  ]
  revision = "4a180b209f5f494e5923cfce81ea30ba23915877"
  version = "v2.18.06"

[[projects]]
  branch = "master"
  name = "github.com/shirou/w32"
  packages = ["."]
  revision = "bb4de0191aa41b5507caa14b0650cdbddcd9280b"

[[projects]]
  branch = "master"
  name = "github.com/vcaesar/imgo"
  packages = ["."]
  revision = "fece97d8745e9e2299516bf074772fccf03a53a5"

[[projects]]
  branch = "master"
  name = "gocv.io/x/gocv"
  packages = ["."]
  revision = "0d9b22a6450a7d81761a4b763f58fb99e962ab47"

[[projects]]
  branch = "master"
  name = "golang.org/x/exp"
  packages = [
    "shiny/driver/gldriver",
    "shiny/driver/internal/drawer",
    "shiny/driver/internal/errscreen",
    "shiny/driver/internal/event",
    "shiny/driver/internal/lifecycler",
    "shiny/driver/internal/win32",
    "shiny/driver/internal/x11key",
    "shiny/screen"
  ]
  revision = "f9fa0fefb1e1a5b6b06f9af99b9555e6263edcf9"

[[projects]]
  branch = "master"
  name = "golang.org/x/image"
  packages = [
    "bmp",
    "math/f64"
  ]
  revision = "cc896f830cedae125428bc9fe1b0362aa91b3fb1"

[[projects]]
  branch = "master"
  name = "golang.org/x/mobile"
  packages = [
    "app",
    "app/internal/callfn",
    "event/key",
    "event/lifecycle",
    "event/mouse",
    "event/paint",
    "event/size",
    "event/touch",
    "geom",
    "gl",
    "internal/mobileinit"
  ]
  revision = "6621de06e1e9d52c38a8c542770bdbeac9ecfef6"

[[projects]]
  branch = "master"
  name = "golang.org/x/sys"
  packages = [
    "unix",
    "windows"
  ]
  revision = "151529c776cdc58ddbe7963ba9af779f3577b419"

[[projects]]
  branch = "master"
  name = "golang.org/x/tools"
  packages = ["go/ast/astutil"]
  revision = "16f8f9bb720111f0b7b5c750acc28768620bb0c7"

[solve-meta]
  analyzer-name = "dep"
  analyzer-version = 1
  inputs-digest = "fc192d4bfac83b311399c775f38bf6a77c6de2388442d3075ea00914825048c0"
  solver-name = "gps-cdcl"
  solver-version = 1
